<?xml version="1.0" encoding="utf-8"?>
<Project ToolsVersion="4.0" xmlns="http://schemas.microsoft.com/developer/msbuild/2003">
  <ItemGroup>
    <Filter Include="Source Files">
      <UniqueIdentifier>{4FC737F1-C7A5-4376-A066-2A32D752A2FF}</UniqueIdentifier>
      <Extensions>cpp;c;cc;cxx;c++;cppm;ixx;def;odl;idl;hpj;bat;asm;asmx</Extensions>
    </Filter>
    <Filter Include="Header Files">
      <UniqueIdentifier>{93995380-89BD-4b04-88EB-625FBE52EBFB}</UniqueIdentifier>
      <Extensions>h;hh;hpp;hxx;h++;hm;inl;inc;ipp;xsd</Extensions>
    </Filter>
    <Filter Include="Resource Files">
      <UniqueIdentifier>{67DA6AB6-F800-4c08-8B7A-83BB121AAD01}</UniqueIdentifier>
      <Extensions>rc;ico;cur;bmp;dlg;rc2;rct;bin;rgs;gif;jpg;jpeg;jpe;resx;tiff;tif;png;wav;mfcribbon-ms</Extensions>
    </Filter>
    <Filter Include="Header Files\mdl">
      <UniqueIdentifier>{f91225cc-4e28-46b8-937a-4bc93f0c2693}</UniqueIdentifier>
    </Filter>
    <Filter Include="Header Files\rmdl">
      <UniqueIdentifier>{977841f1-f9b0-4417-bc28-6976382e69e9}</UniqueIdentifier>
    </Filter>
    <Filter Include="Source Files\rmdl">
      <UniqueIdentifier>{c944f35c-47ce-457b-9db1-cf3f7c3ed24f}</UniqueIdentifier>
    </Filter>
    <Filter Include="Source Files\mdl">
      <UniqueIdentifier>{23f7f4b5-1dd3-4f67-8ca2-d35d5e763343}</UniqueIdentifier>
    </Filter>
    <Filter Include="Source Files\rseq">
      <UniqueIdentifier>{6531fa27-5720-467c-a36d-daf2ca50eac2}</UniqueIdentifier>
    </Filter>
  </ItemGroup>
  <ItemGroup>
    <ClCompile Include="main.cpp">
      <Filter>Source Files</Filter>
    </ClCompile>
    <ClCompile Include="CommandLine.cpp">
      <Filter>Source Files</Filter>
    </ClCompile>
    <ClCompile Include="rmdl\rmdl_121.cpp">
      <Filter>Source Files\rmdl</Filter>
    </ClCompile>
    <ClCompile Include="rmdl\rmdl_8.cpp">
      <Filter>Source Files\rmdl</Filter>
    </ClCompile>
    <ClCompile Include="stdafx.cpp">
      <Filter>Source Files</Filter>
    </ClCompile>
    <ClCompile Include="mdl\mdl_53.cpp">
      <Filter>Source Files\mdl</Filter>
    </ClCompile>
    <ClCompile Include="mdl\mdl_49.cpp">
      <Filter>Source Files\mdl</Filter>
    </ClCompile>
    <ClCompile Include="mdl\studio.cpp">
      <Filter>Source Files\mdl</Filter>
    </ClCompile>
    <ClCompile Include="mdl\mdl_52.cpp">
      <Filter>Source Files\mdl</Filter>
    </ClCompile>
    <ClCompile Include="mdl\mdl_48.cpp">
      <Filter>Source Files\mdl</Filter>
    </ClCompile>
    <ClCompile Include="rseq\rseq_71.cpp">
      <Filter>Source Files\rseq</Filter>
    </ClCompile>
    <ClCompile Include="rseq\rseq_v10.cpp">
      <Filter>Source Files\rseq</Filter>
    </ClCompile>
    <ClCompile Include="versions.cpp">
      <Filter>Source Files</Filter>
    </ClCompile>
  </ItemGroup>
  <ItemGroup>
    <ClInclude Include="BinaryIO.h">
      <Filter>Header Files</Filter>
    </ClInclude>
    <ClInclude Include="rmem.h">
      <Filter>Header Files</Filter>
    </ClInclude>
    <ClInclude Include="structs.h">
      <Filter>Header Files</Filter>
    </ClInclude>
    <ClInclude Include="versions.h">
      <Filter>Header Files</Filter>
    </ClInclude>
    <ClInclude Include="utils.h">
      <Filter>Header Files</Filter>
    </ClInclude>
    <ClInclude Include="CommandLine.h">
      <Filter>Header Files</Filter>
    </ClInclude>
    <ClInclude Include="mdl\studio.h">
      <Filter>Header Files\mdl</Filter>
    </ClInclude>
    <ClInclude Include="stdafx.h">
      <Filter>Header Files</Filter>
    </ClInclude>
    <ClInclude Include="mathlib.h">
      <Filter>Header Files</Filter>
    </ClInclude>
    <ClInclude Include="mdl\optimize.h">
      <Filter>Header Files\mdl</Filter>
    </ClInclude>
  </ItemGroup>
</Project>